{
  "name": "apollo-daemon",
  "version": "1.0.0",
  "lockfileVersion": 2,
  "requires": true,
  "packages": {
    "": {
      "name": "apollo-daemon",
      "version": "1.0.0",
      "license": "GPL-3.0-or-later",
      "dependencies": {
        "ws": "^8.7.0"
      },
      "devDependencies": {
        "@types/node": "^17.0.35",
        "@types/ws": "^8.5.3",
        "js-knx": "^1.7.0"
      }
    },
    "node_modules/@types/node": {
      "version": "17.0.35",
      "resolved": "https://registry.npmjs.org/@types/node/-/node-17.0.35.tgz",
      "integrity": "sha512-vu1SrqBjbbZ3J6vwY17jBs8Sr/BKA+/a/WtjRG+whKg1iuLFOosq872EXS0eXWILdO36DHQQeku/ZcL6hz2fpg==",
      "dev": true
    },
    "node_modules/@types/ws": {
      "version": "8.5.3",
      "resolved": "https://registry.npmjs.org/@types/ws/-/ws-8.5.3.tgz",
      "integrity": "sha512-6YOoWjruKj1uLf3INHH7D3qTXwFfEsg1kf3c0uDdSBJwfa/llkwIjrAGV7j7mVgGNbzTQ3HiHKKDXl6bJPD97w==",
      "dev": true,
      "dependencies": {
        "@types/node": "*"
      }
    },
    "node_modules/js-knx": {
      "version": "1.7.0",
      "resolved": "https://registry.npmjs.org/js-knx/-/js-knx-1.7.0.tgz",
      "integrity": "sha512-E8uuZNHlHa98dWVOh+ICTz0o639Gn4fBr8xsjQaMvXK/ayc8zoG/KtMhlhn/4fzgUR4YvrpIVXp+Zfi9owWafA==",
      "dev": true,
      "bin": {
        "knx-read": "bin/read.js",
        "knx-write": "bin/write.js"
      }
    },
    "node_modules/ws": {
      "version": "8.7.0",
      "resolved": "https://registry.npmjs.org/ws/-/ws-8.7.0.tgz",
      "integrity": "sha512-c2gsP0PRwcLFzUiA8Mkr37/MI7ilIlHQxaEAtd0uNMbVMoy8puJyafRlm0bV9MbGSabUPeLrRRaqIBcFcA2Pqg==",
      "engines": {
        "node": ">=10.0.0"
      },
      "peerDependencies": {
        "bufferutil": "^4.0.1",
        "utf-8-validate": "^5.0.2"
      },
      "peerDependenciesMeta": {
        "bufferutil": {
          "optional": true
        },
        "utf-8-validate": {
          "optional": true
        }
      }
    }
  },
  "dependencies": {
    "@types/node": {
      "version": "17.0.35",
      "resolved": "https://registry.npmjs.org/@types/node/-/node-17.0.35.tgz",
      "integrity": "sha512-vu1SrqBjbbZ3J6vwY17jBs8Sr/BKA+/a/WtjRG+whKg1iuLFOosq872EXS0eXWILdO36DHQQeku/ZcL6hz2fpg==",
      "dev": true
    },
    "@types/ws": {
      "version": "8.5.3",
      "resolved": "https://registry.npmjs.org/@types/ws/-/ws-8.5.3.tgz",
      "integrity": "sha512-6YOoWjruKj1uLf3INHH7D3qTXwFfEsg1kf3c0uDdSBJwfa/llkwIjrAGV7j7mVgGNbzTQ3HiHKKDXl6bJPD97w==",
      "dev": true,
      "requires": {
        "@types/node": "*"
      }
    },
    "js-knx": {
      "version": "1.7.0",
      "resolved": "https://registry.npmjs.org/js-knx/-/js-knx-1.7.0.tgz",
      "integrity": "sha512-E8uuZNHlHa98dWVOh+ICTz0o639Gn4fBr8xsjQaMvXK/ayc8zoG/KtMhlhn/4fzgUR4YvrpIVXp+Zfi9owWafA==",
      "dev": true
    },
    "ws": {
      "version": "8.7.0",
      "resolved": "https://registry.npmjs.org/ws/-/ws-8.7.0.tgz",
      "integrity": "sha512-c2gsP0PRwcLFzUiA8Mkr37/MI7ilIlHQxaEAtd0uNMbVMoy8puJyafRlm0bV9MbGSabUPeLrRRaqIBcFcA2Pqg==",
      "requires": {}
    }
  }
}
